// !$*UTF8*$!
{
	archiveVersion = 1;
	classes = {
	};
	objectVersion = 50;
	objects = {

/* Begin PBXBuildFile section */
		9B82847B24EDBF83002CEDF3 /* AppDelegate.swift in Sources */ = {isa = PBXBuildFile; fileRef = 9B82847A24EDBF83002CEDF3 /* AppDelegate.swift */; };
		9B82847D24EDBF83002CEDF3 /* SceneDelegate.swift in Sources */ = {isa = PBXBuildFile; fileRef = 9B82847C24EDBF83002CEDF3 /* SceneDelegate.swift */; };
		9B82847F24EDBF83002CEDF3 /* ViewController.swift in Sources */ = {isa = PBXBuildFile; fileRef = 9B82847E24EDBF83002CEDF3 /* ViewController.swift */; };
		9B82848224EDBF83002CEDF3 /* Main.storyboard in Resources */ = {isa = PBXBuildFile; fileRef = 9B82848024EDBF83002CEDF3 /* Main.storyboard */; };
		9B82848524EDBF83002CEDF3 /* SampleBLE_02.xcdatamodeld in Sources */ = {isa = PBXBuildFile; fileRef = 9B82848324EDBF83002CEDF3 /* SampleBLE_02.xcdatamodeld */; };
		9B82848724EDBF84002CEDF3 /* Assets.xcassets in Resources */ = {isa = PBXBuildFile; fileRef = 9B82848624EDBF84002CEDF3 /* Assets.xcassets */; };
		9B82848A24EDBF84002CEDF3 /* LaunchScreen.storyboard in Resources */ = {isa = PBXBuildFile; fileRef = 9B82848824EDBF84002CEDF3 /* LaunchScreen.storyboard */; };
		9B82849324EDC12C002CEDF3 /* CoreBluetooth.framework in Frameworks */ = {isa = PBXBuildFile; fileRef = 9B82849224EDC12C002CEDF3 /* CoreBluetooth.framework */; };
/* End PBXBuildFile section */

/* Begin PBXFileReference section */
		9B82847724EDBF83002CEDF3 /* SampleBLE-02.app */ = {isa = PBXFileReference; explicitFileType = wrapper.application; includeInIndex = 0; path = "SampleBLE-02.app"; sourceTree = BUILT_PRODUCTS_DIR; };
		9B82847A24EDBF83002CEDF3 /* AppDelegate.swift */ = {isa = PBXFileReference; lastKnownFileType = sourcecode.swift; path = AppDelegate.swift; sourceTree = "<group>"; };
		9B82847C24EDBF83002CEDF3 /* SceneDelegate.swift */ = {isa = PBXFileReference; lastKnownFileType = sourcecode.swift; path = SceneDelegate.swift; sourceTree = "<group>"; };
		9B82847E24EDBF83002CEDF3 /* ViewController.swift */ = {isa = PBXFileReference; lastKnownFileType = sourcecode.swift; path = ViewController.swift; sourceTree = "<group>"; };
		9B82848124EDBF83002CEDF3 /* Base */ = {isa = PBXFileReference; lastKnownFileType = file.storyboard; name = Base; path = Base.lproj/Main.storyboard; sourceTree = "<group>"; };
		9B82848424EDBF83002CEDF3 /* SampleBLE_02.xcdatamodel */ = {isa = PBXFileReference; lastKnownFileType = wrapper.xcdatamodel; path = SampleBLE_02.xcdatamodel; sourceTree = "<group>"; };
		9B82848624EDBF84002CEDF3 /* Assets.xcassets */ = {isa = PBXFileReference; lastKnownFileType = folder.assetcatalog; path = Assets.xcassets; sourceTree = "<group>"; };
		9B82848924EDBF84002CEDF3 /* Base */ = {isa = PBXFileReference; lastKnownFileType = file.storyboard; name = Base; path = Base.lproj/LaunchScreen.storyboard; sourceTree = "<group>"; };
		9B82848B24EDBF84002CEDF3 /* Info.plist */ = {isa = PBXFileReference; lastKnownFileType = text.plist.xml; path = Info.plist; sourceTree = "<group>"; };
		9B82849224EDC12C002CEDF3 /* CoreBluetooth.framework */ = {isa = PBXFileReference; lastKnownFileType = wrapper.framework; name = CoreBluetooth.framework; path = System/Library/Frameworks/CoreBluetooth.framework; sourceTree = SDKROOT; };
/* End PBXFileReference section */

/* Begin PBXFrameworksBuildPhase section */
		9B82847424EDBF83002CEDF3 /* Frameworks */ = {
			isa = PBXFrameworksBuildPhase;
			buildActionMask = 2147483647;
			files = (
				9B82849324EDC12C002CEDF3 /* CoreBluetooth.framework in Frameworks */,
			);
			runOnlyForDeploymentPostprocessing = 0;
		};
/* End PBXFrameworksBuildPhase section */

/* Begin PBXGroup section */
		9B82846E24EDBF83002CEDF3 = {
			isa = PBXGroup;
			children = (
				9B82847924EDBF83002CEDF3 /* SampleBLE-02 */,
				9B82847824EDBF83002CEDF3 /* Products */,
				9B82849124EDC12C002CEDF3 /* Frameworks */,
			);
			sourceTree = "<group>";
		};
		9B82847824EDBF83002CEDF3 /* Products */ = {
			isa = PBXGroup;
			children = (
				9B82847724EDBF83002CEDF3 /* SampleBLE-02.app */,
			);
			name = Products;
			sourceTree = "<group>";
		};
		9B82847924EDBF83002CEDF3 /* SampleBLE-02 */ = {
			isa = PBXGroup;
			children = (
				9B82847A24EDBF83002CEDF3 /* AppDelegate.swift */,
				9B82847C24EDBF83002CEDF3 /* SceneDelegate.swift */,
				9B82847E24EDBF83002CEDF3 /* ViewController.swift */,
				9B82848024EDBF83002CEDF3 /* Main.storyboard */,
				9B82848624EDBF84002CEDF3 /* Assets.xcassets */,
				9B82848824EDBF84002CEDF3 /* LaunchScreen.storyboard */,
				9B82848B24EDBF84002CEDF3 /* Info.plist */,
				9B82848324EDBF83002CEDF3 /* SampleBLE_02.xcdatamodeld */,
			);
			path = "SampleBLE-02";
			sourceTree = "<group>";
		};
		9B82849124EDC12C002CEDF3 /* Frameworks */ = {
			isa = PBXGroup;
			children = (
				9B82849224EDC12C002CEDF3 /* CoreBluetooth.framework */,
			);
			name = Frameworks;
			sourceTree = "<group>";
		};
/* End PBXGroup section */

/* Begin PBXNativeTarget section */
		9B82847624EDBF83002CEDF3 /* SampleBLE-02 */ = {
			isa = PBXNativeTarget;
			buildConfigurationList = 9B82848E24EDBF84002CEDF3 /* Build configuration list for PBXNativeTarget "SampleBLE-02" */;
			buildPhases = (
				9B82847324EDBF83002CEDF3 /* Sources */,
				9B82847424EDBF83002CEDF3 /* Frameworks */,
				9B82847524EDBF83002CEDF3 /* Resources */,
			);
			buildRules = (
			);
			dependencies = (
			);
			name = "SampleBLE-02";
			productName = "SampleBLE-02";
			productReference = 9B82847724EDBF83002CEDF3 /* SampleBLE-02.app */;
			productType = "com.apple.product-type.application";
		};
/* End PBXNativeTarget section */

/* Begin PBXProject section */
		9B82846F24EDBF83002CEDF3 /* Project object */ = {
			isa = PBXProject;
			attributes = {
				LastSwiftUpdateCheck = 1150;
				LastUpgradeCheck = 1150;
				ORGANIZATIONNAME = "Radhithya Reddy Kondaveeti";
				TargetAttributes = {
					9B82847624EDBF83002CEDF3 = {
						CreatedOnToolsVersion = 11.5;
					};
				};
			};
			buildConfigurationList = 9B82847224EDBF83002CEDF3 /* Build configuration list for PBXProject "SampleBLE-02" */;
			compatibilityVersion = "Xcode 9.3";
			developmentRegion = en;
			hasScannedForEncodings = 0;
			knownRegions = (
				en,
				Base,
			);
			mainGroup = 9B82846E24EDBF83002CEDF3;
			productRefGroup = 9B82847824EDBF83002CEDF3 /* Products */;
			projectDirPath = "";
			projectRoot = "";
			targets = (
				9B82847624EDBF83002CEDF3 /* SampleBLE-02 */,
			);
		};
/* End PBXProject section */

/* Begin PBXResourcesBuildPhase section */
		9B82847524EDBF83002CEDF3 /* Resources */ = {
			isa = PBXResourcesBuildPhase;
			buildActionMask = 2147483647;
			files = (
				9B82848A24EDBF84002CEDF3 /* LaunchScreen.storyboard in Resources */,
				9B82848724EDBF84002CEDF3 /* Assets.xcassets in Resources */,
				9B82848224EDBF83002CEDF3 /* Main.storyboard in Resources */,
			);
			runOnlyForDeploymentPostprocessing = 0;
		};
/* End PBXResourcesBuildPhase section */

/* Begin PBXSourcesBuildPhase section */
		9B82847324EDBF83002CEDF3 /* Sources */ = {
			isa = PBXSourcesBuildPhase;
			buildActionMask = 2147483647;
			files = (
				9B82847F24EDBF83002CEDF3 /* ViewController.swift in Sources */,
				9B82847B24EDBF83002CEDF3 /* AppDelegate.swift in Sources */,
				9B82847D24EDBF83002CEDF3 /* SceneDelegate.swift in Sources */,
				9B82848524EDBF83002CEDF3 /* SampleBLE_02.xcdatamodeld in Sources */,
			);
			runOnlyForDeploymentPostprocessing = 0;
		};
/* End PBXSourcesBuildPhase section */

/* Begin PBXVariantGroup section */
		9B82848024EDBF83002CEDF3 /* Main.storyboard */ = {
			isa = PBXVariantGroup;
			children = (
				9B82848124EDBF83002CEDF3 /* Base */,
			);
			name = Main.storyboard;
			sourceTree = "<group>";
		};
		9B82848824EDBF84002CEDF3 /* LaunchScreen.storyboard */ = {
			isa = PBXVariantGroup;
			children = (
				9B82848924EDBF84002CEDF3 /* Base */,
			);
			name = LaunchScreen.storyboard;
			sourceTree = "<group>";
		};
/* End PBXVariantGroup section */

/* Begin XCBuildConfiguration section */
		9B82848C24EDBF84002CEDF3 /* Debug */ = {
			isa = XCBuildConfiguration;
			buildSettings = {
				ALWAYS_SEARCH_USER_PATHS = NO;
				CLANG_ANALYZER_NONNULL = YES;
				CLANG_ANALYZER_NUMBER_OBJECT_CONVERSION = YES_AGGRESSIVE;
				CLANG_CXX_LANGUAGE_STANDARD = "gnu++14";
				CLANG_CXX_LIBRARY = "libc++";
				CLANG_ENABLE_MODULES = YES;
				CLANG_ENABLE_OBJC_ARC = YES;
				CLANG_ENABLE_OBJC_WEAK = YES;
				CLANG_WARN_BLOCK_CAPTURE_AUTORELEASING = YES;
				CLANG_WARN_BOOL_CONVERSION = YES;
				CLANG_WARN_COMMA = YES;
				CLANG_WARN_CONSTANT_CONVERSION = YES;
				CLANG_WARN_DEPRECATED_OBJC_IMPLEMENTATIONS = YES;
				CLANG_WARN_DIRECT_OBJC_ISA_USAGE = YES_ERROR;
				CLANG_WARN_DOCUMENTATION_COMMENTS = YES;
				CLANG_WARN_EMPTY_BODY = YES;
				CLANG_WARN_ENUM_CONVERSION = YES;
				CLANG_WARN_INFINITE_RECURSION = YES;
				CLANG_WARN_INT_CONVERSION = YES;
				CLANG_WARN_NON_LITERAL_NULL_CONVERSION = YES;
				CLANG_WARN_OBJC_IMPLICIT_RETAIN_SELF = YES;
				CLANG_WARN_OBJC_LITERAL_CONVERSION = YES;
				CLANG_WARN_OBJC_ROOT_CLASS = YES_ERROR;
				CLANG_WARN_RANGE_LOOP_ANALYSIS = YES;
				CLANG_WARN_STRICT_PROTOTYPES = YES;
				CLANG_WARN_SUSPICIOUS_MOVE = YES;
				CLANG_WARN_UNGUARDED_AVAILABILITY = YES_AGGRESSIVE;
				CLANG_WARN_UNREACHABLE_CODE = YES;
				CLANG_WARN__DUPLICATE_METHOD_MATCH = YES;
				COPY_PHASE_STRIP = NO;
				DEBUG_INFORMATION_FORMAT = dwarf;
				ENABLE_STRICT_OBJC_MSGSEND = YES;
				ENABLE_TESTABILITY = YES;
				GCC_C_LANGUAGE_STANDARD = gnu11;
				GCC_DYNAMIC_NO_PIC = NO;
				GCC_NO_COMMON_BLOCKS = YES;
				GCC_OPTIMIZATION_LEVEL = 0;
				GCC_PREPROCESSOR_DEFINITIONS = (
					"DEBUG=1",
					"$(inherited)",
				);
				GCC_WARN_64_TO_32_BIT_CONVERSION = YES;
				GCC_WARN_ABOUT_RETURN_TYPE = YES_ERROR;
				GCC_WARN_UNDECLARED_SELECTOR = YES;
				GCC_WARN_UNINITIALIZED_AUTOS = YES_AGGRESSIVE;
				GCC_WARN_UNUSED_FUNCTION = YES;
				GCC_WARN_UNUSED_VARIABLE = YES;
				IPHONEOS_DEPLOYMENT_TARGET = 13.0;
				MTL_ENABLE_DEBUG_INFO = INCLUDE_SOURCE;
				MTL_FAST_MATH = YES;
				ONLY_ACTIVE_ARCH = YES;
				SDKROOT = iphoneos;
				SWIFT_ACTIVE_COMPILATION_CONDITIONS = DEBUG;
				SWIFT_OPTIMIZATION_LEVEL = "-Onone";
			};
			name = Debug;
		};
		9B82848D24EDBF84002CEDF3 /* Release */ = {
			isa = XCBuildConfiguration;
			buildSettings = {
				ALWAYS_SEARCH_USER_PATHS = NO;
				CLANG_ANALYZER_NONNULL = YES;
				CLANG_ANALYZER_NUMBER_OBJECT_CONVERSION = YES_AGGRESSIVE;
				CLANG_CXX_LANGUAGE_STANDARD = "gnu++14";
				CLANG_CXX_LIBRARY = "libc++";
				CLANG_ENABLE_MODULES = YES;
				CLANG_ENABLE_OBJC_ARC = YES;
				CLANG_ENABLE_OBJC_WEAK = YES;
				CLANG_WARN_BLOCK_CAPTURE_AUTORELEASING = YES;
				CLANG_WARN_BOOL_CONVERSION = YES;
				CLANG_WARN_COMMA = YES;
				CLANG_WARN_CONSTANT_CONVERSION = YES;
				CLANG_WARN_DEPRECATED_OBJC_IMPLEMENTATIONS = YES;
				CLANG_WARN_DIRECT_OBJC_ISA_USAGE = YES_ERROR;
				CLANG_WARN_DOCUMENTATION_COMMENTS = YES;
				CLANG_WARN_EMPTY_BODY = YES;
				CLANG_WARN_ENUM_CONVERSION = YES;
				CLANG_WARN_INFINITE_RECURSION = YES;
				CLANG_WARN_INT_CONVERSION = YES;
				CLANG_WARN_NON_LITERAL_NULL_CONVERSION = YES;
				CLANG_WARN_OBJC_IMPLICIT_RETAIN_SELF = YES;
				CLANG_WARN_OBJC_LITERAL_CONVERSION = YES;
				CLANG_WARN_OBJC_ROOT_CLASS = YES_ERROR;
				CLANG_WARN_RANGE_LOOP_ANALYSIS = YES;
				CLANG_WARN_STRICT_PROTOTYPES = YES;
				CLANG_WARN_SUSPICIOUS_MOVE = YES;
				CLANG_WARN_UNGUARDED_AVAILABILITY = YES_AGGRESSIVE;
				CLANG_WARN_UNREACHABLE_CODE = YES;
				CLANG_WARN__DUPLICATE_METHOD_MATCH = YES;
				COPY_PHASE_STRIP = NO;
				DEBUG_INFORMATION_FORMAT = "dwarf-with-dsym";
				ENABLE_NS_ASSERTIONS = NO;
				ENABLE_STRICT_OBJC_MSGSEND = YES;
				GCC_C_LANGUAGE_STANDARD = gnu11;
				GCC_NO_COMMON_BLOCKS = YES;
				GCC_WARN_64_TO_32_BIT_CONVERSION = YES;
				GCC_WARN_ABOUT_RETURN_TYPE = YES_ERROR;
				GCC_WARN_UNDECLARED_SELECTOR = YES;
				GCC_WARN_UNINITIALIZED_AUTOS = YES_AGGRESSIVE;
				GCC_WARN_UNUSED_FUNCTION = YES;
				GCC_WARN_UNUSED_VARIABLE = YES;
				IPHONEOS_DEPLOYMENT_TARGET = 13.0;
				MTL_ENABLE_DEBUG_INFO = NO;
				MTL_FAST_MATH = YES;
				SDKROOT = iphoneos;
				SWIFT_COMPILATION_MODE = wholemodule;
				SWIFT_OPTIMIZATION_LEVEL = "-O";
				VALIDATE_PRODUCT = YES;
			};
			name = Release;
		};
		9B82848F24EDBF84002CEDF3 /* Debug */ = {
			isa = XCBuildConfiguration;
			buildSettings = {
				ASSETCATALOG_COMPILER_APPICON_NAME = AppIcon;
				CODE_SIGN_STYLE = Automatic;
				DEVELOPMENT_TEAM = 4HKD6YK7Z8;
				INFOPLIST_FILE = "SampleBLE-02/Info.plist";
				LD_RUNPATH_SEARCH_PATHS = (
					"$(inherited)",
					"@executable_path/Frameworks",
				);
				PRODUCT_BUNDLE_IDENTIFIER = "me.reddy.SampleBLE-02";
				PRODUCT_NAME = "$(TARGET_NAME)";
				SWIFT_VERSION = 5.0;
				TARGETED_DEVICE_FAMILY = "1,2";
			};
			name = Debug;
		};
		9B82849024EDBF84002CEDF3 /* Release */ = {
			isa = XCBuildConfiguration;
			buildSettings = {
				ASSETCATALOG_COMPILER_APPICON_NAME = AppIcon;
				CODE_SIGN_STYLE = Automatic;
				DEVELOPMENT_TEAM = 4HKD6YK7Z8;
				INFOPLIST_FILE = "SampleBLE-02/Info.plist";
				LD_RUNPATH_SEARCH_PATHS = (
					"$(inherited)",
					"@executable_path/Frameworks",
				);
				PRODUCT_BUNDLE_IDENTIFIER = "me.reddy.SampleBLE-02";
				PRODUCT_NAME = "$(TARGET_NAME)";
				SWIFT_VERSION = 5.0;
				TARGETED_DEVICE_FAMILY = "1,2";
			};
			name = Release;
		};
/* End XCBuildConfiguration section */

/* Begin XCConfigurationList section */
		9B82847224EDBF83002CEDF3 /* Build configuration list for PBXProject "SampleBLE-02" */ = {
			isa = XCConfigurationList;
			buildConfigurations = (
				9B82848C24EDBF84002CEDF3 /* Debug */,
				9B82848D24EDBF84002CEDF3 /* Release */,
			);
			defaultConfigurationIsVisible = 0;
			defaultConfigurationName = Release;
		};
		9B82848E24EDBF84002CEDF3 /* Build configuration list for PBXNativeTarget "SampleBLE-02" */ = {
			isa = XCConfigurationList;
			buildConfigurations = (
				9B82848F24EDBF84002CEDF3 /* Debug */,
				9B82849024EDBF84002CEDF3 /* Release */,
			);
			defaultConfigurationIsVisible = 0;
			defaultConfigurationName = Release;
		};
/* End XCConfigurationList section */

/* Begin XCVersionGroup section */
		9B82848324EDBF83002CEDF3 /* SampleBLE_02.xcdatamodeld */ = {
			isa = XCVersionGroup;
			children = (
				9B82848424EDBF83002CEDF3 /* SampleBLE_02.xcdatamodel */,
			);
			currentVersion = 9B82848424EDBF83002CEDF3 /* SampleBLE_02.xcdatamodel */;
			path = SampleBLE_02.xcdatamodeld;
			sourceTree = "<group>";
			versionGroupType = wrapper.xcdatamodel;
		};
/* End XCVersionGroup section */
	};
	rootObject = 9B82846F24EDBF83002CEDF3 /* Project object */;
}
